
Microsoft Visual Studio Solution File, Format Version 12.00
# Visual Studio Version 16
VisualStudioVersion = 16.0.30011.22
MinimumVisualStudioVersion = 10.0.40219.1
Project("{FAE04EC0-301F-11D3-BF4B-00C04F79EFBC}") = "SWAT+ Toolbox", "SWAT+ Toolbox.csproj", "{66A12B56-B6F7-4E39-A6F3-665859F4897A}"
EndProject
Global
	GlobalSection(SolutionConfigurationPlatforms) = preSolution
		Debug|Any CPU = Debug|Any CPU
		Release|Any CPU = Release|Any CPU
	EndGlobalSection
	GlobalSection(ProjectConfigurationPlatforms) = postSolution
		{66A12B56-B6F7-4E39-A6F3-665859F4897A}.Debug|Any CPU.ActiveCfg = Debug|Any CPU
		{66A12B56-B6F7-4E39-A6F3-665859F4897A}.Debug|Any CPU.Build.0 = Debug|Any CPU
		{66A12B56-B6F7-4E39-A6F3-665859F4897A}.Release|Any CPU.ActiveCfg = Release|Any CPU
		{66A12B56-B6F7-4E39-A6F3-665859F4897A}.Release|Any CPU.Build.0 = Release|Any CPU
	EndGlobalSection
	GlobalSection(SolutionProperties) = preSolution
		HideSolutionNode = FALSE
	EndGlobalSection
	GlobalSection(ExtensibilityGlobals) = postSolution
		SolutionGuid = {55BE8ED5-CB21-49B2-8D48-1D42C5DB2643}
	EndGlobalSection
EndGlobal
